
Microsoft Visual Studio Solution File, Format Version 12.00
# Visual Studio Version 16
VisualStudioVersion = 16.0.30413.136
MinimumVisualStudioVersion = 10.0.40219.1
Project("{9A19103F-16F7-4668-BE54-9A1E7A4F7556}") = "IBCQC_NetCore", "IBCQC_NetCore\IBCQC_NetCore.csproj", "{091B7F2E-0408-480E-9340-79FFB416E3A9}"
EndProject
Project("{9A19103F-16F7-4668-BE54-9A1E7A4F7556}") = "XUnitTestIBCQC_NetCore", "XUnitTestIBCQC_NetCore\XUnitTestIBCQC_NetCore.csproj", "{541ECA6D-193F-4775-9D6A-D2F16E2B6756}"
EndProject
Global
	GlobalSection(SolutionConfigurationPlatforms) = preSolution
		Debug|Any CPU = Debug|Any CPU
		Release|Any CPU = Release|Any CPU
	EndGlobalSection
	GlobalSection(ProjectConfigurationPlatforms) = postSolution
		{091B7F2E-0408-480E-9340-79FFB416E3A9}.Debug|Any CPU.ActiveCfg = Debug|Any CPU
		{091B7F2E-0408-480E-9340-79FFB416E3A9}.Debug|Any CPU.Build.0 = Debug|Any CPU
		{091B7F2E-0408-480E-9340-79FFB416E3A9}.Release|Any CPU.ActiveCfg = Release|Any CPU
		{091B7F2E-0408-480E-9340-79FFB416E3A9}.Release|Any CPU.Build.0 = Release|Any CPU
		{541ECA6D-193F-4775-9D6A-D2F16E2B6756}.Debug|Any CPU.ActiveCfg = Debug|Any CPU
		{541ECA6D-193F-4775-9D6A-D2F16E2B6756}.Debug|Any CPU.Build.0 = Debug|Any CPU
		{541ECA6D-193F-4775-9D6A-D2F16E2B6756}.Release|Any CPU.ActiveCfg = Release|Any CPU
		{541ECA6D-193F-4775-9D6A-D2F16E2B6756}.Release|Any CPU.Build.0 = Release|Any CPU
	EndGlobalSection
	GlobalSection(SolutionProperties) = preSolution
		HideSolutionNode = FALSE
	EndGlobalSection
	GlobalSection(ExtensibilityGlobals) = postSolution
		SolutionGuid = {C9D420CA-6290-4C23-8F0F-64D3051DC7A9}
	EndGlobalSection
EndGlobal
